// !$*UTF8*$!
{
	archiveVersion = 1;
	classes = {
	};
	objectVersion = 50;
	objects = {

/* Begin PBXBuildFile section */
		04DDF6A7260FD8DB008F965F /* AppDelegate.swift in Sources */ = {isa = PBXBuildFile; fileRef = 04DDF6A6260FD8DB008F965F /* AppDelegate.swift */; };
		04DDF6A9260FD8DB008F965F /* SceneDelegate.swift in Sources */ = {isa = PBXBuildFile; fileRef = 04DDF6A8260FD8DB008F965F /* SceneDelegate.swift */; };
		04DDF6AB260FD8DB008F965F /* ViewController.swift in Sources */ = {isa = PBXBuildFile; fileRef = 04DDF6AA260FD8DB008F965F /* ViewController.swift */; };
		04DDF6AE260FD8DB008F965F /* Main.storyboard in Resources */ = {isa = PBXBuildFile; fileRef = 04DDF6AC260FD8DB008F965F /* Main.storyboard */; };
		04DDF6B0260FD8DF008F965F /* Assets.xcassets in Resources */ = {isa = PBXBuildFile; fileRef = 04DDF6AF260FD8DF008F965F /* Assets.xcassets */; };
		04DDF6B3260FD8DF008F965F /* LaunchScreen.storyboard in Resources */ = {isa = PBXBuildFile; fileRef = 04DDF6B1260FD8DF008F965F /* LaunchScreen.storyboard */; };
/* End PBXBuildFile section */

/* Begin PBXFileReference section */
		04DDF6A3260FD8DB008F965F /* CookingRecipe2.app */ = {isa = PBXFileReference; explicitFileType = wrapper.application; includeInIndex = 0; path = CookingRecipe2.app; sourceTree = BUILT_PRODUCTS_DIR; };
		04DDF6A6260FD8DB008F965F /* AppDelegate.swift */ = {isa = PBXFileReference; lastKnownFileType = sourcecode.swift; path = AppDelegate.swift; sourceTree = "<group>"; };
		04DDF6A8260FD8DB008F965F /* SceneDelegate.swift */ = {isa = PBXFileReference; lastKnownFileType = sourcecode.swift; path = SceneDelegate.swift; sourceTree = "<group>"; };
		04DDF6AA260FD8DB008F965F /* ViewController.swift */ = {isa = PBXFileReference; lastKnownFileType = sourcecode.swift; path = ViewController.swift; sourceTree = "<group>"; };
		04DDF6AD260FD8DB008F965F /* Base */ = {isa = PBXFileReference; lastKnownFileType = file.storyboard; name = Base; path = Base.lproj/Main.storyboard; sourceTree = "<group>"; };
		04DDF6AF260FD8DF008F965F /* Assets.xcassets */ = {isa = PBXFileReference; lastKnownFileType = folder.assetcatalog; path = Assets.xcassets; sourceTree = "<group>"; };
		04DDF6B2260FD8DF008F965F /* Base */ = {isa = PBXFileReference; lastKnownFileType = file.storyboard; name = Base; path = Base.lproj/LaunchScreen.storyboard; sourceTree = "<group>"; };
		04DDF6B4260FD8DF008F965F /* Info.plist */ = {isa = PBXFileReference; lastKnownFileType = text.plist.xml; path = Info.plist; sourceTree = "<group>"; };
/* End PBXFileReference section */

/* Begin PBXFrameworksBuildPhase section */
		04DDF6A0260FD8DB008F965F /* Frameworks */ = {
			isa = PBXFrameworksBuildPhase;
			buildActionMask = 2147483647;
			files = (
			);
			runOnlyForDeploymentPostprocessing = 0;
		};
/* End PBXFrameworksBuildPhase section */

/* Begin PBXGroup section */
		04DDF69A260FD8DB008F965F = {
			isa = PBXGroup;
			children = (
				04DDF6A5260FD8DB008F965F /* CookingRecipe2 */,
				04DDF6A4260FD8DB008F965F /* Products */,
			);
			sourceTree = "<group>";
		};
		04DDF6A4260FD8DB008F965F /* Products */ = {
			isa = PBXGroup;
			children = (
				04DDF6A3260FD8DB008F965F /* CookingRecipe2.app */,
			);
			name = Products;
			sourceTree = "<group>";
		};
		04DDF6A5260FD8DB008F965F /* CookingRecipe2 */ = {
			isa = PBXGroup;
			children = (
				04DDF6A6260FD8DB008F965F /* AppDelegate.swift */,
				04DDF6A8260FD8DB008F965F /* SceneDelegate.swift */,
				04DDF6AA260FD8DB008F965F /* ViewController.swift */,
				04DDF6AC260FD8DB008F965F /* Main.storyboard */,
				04DDF6AF260FD8DF008F965F /* Assets.xcassets */,
				04DDF6B1260FD8DF008F965F /* LaunchScreen.storyboard */,
				04DDF6B4260FD8DF008F965F /* Info.plist */,
			);
			path = CookingRecipe2;
			sourceTree = "<group>";
		};
/* End PBXGroup section */

/* Begin PBXNativeTarget section */
		04DDF6A2260FD8DB008F965F /* CookingRecipe2 */ = {
			isa = PBXNativeTarget;
			buildConfigurationList = 04DDF6B7260FD8DF008F965F /* Build configuration list for PBXNativeTarget "CookingRecipe2" */;
			buildPhases = (
				04DDF69F260FD8DB008F965F /* Sources */,
				04DDF6A0260FD8DB008F965F /* Frameworks */,
				04DDF6A1260FD8DB008F965F /* Resources */,
			);
			buildRules = (
			);
			dependencies = (
			);
			name = CookingRecipe2;
			productName = CookingRecipe2;
			productReference = 04DDF6A3260FD8DB008F965F /* CookingRecipe2.app */;
			productType = "com.apple.product-type.application";
		};
/* End PBXNativeTarget section */

/* Begin PBXProject section */
		04DDF69B260FD8DB008F965F /* Project object */ = {
			isa = PBXProject;
			attributes = {
				LastSwiftUpdateCheck = 1240;
				LastUpgradeCheck = 1240;
				TargetAttributes = {
					04DDF6A2260FD8DB008F965F = {
						CreatedOnToolsVersion = 12.4;
					};
				};
			};
			buildConfigurationList = 04DDF69E260FD8DB008F965F /* Build configuration list for PBXProject "CookingRecipe2" */;
			compatibilityVersion = "Xcode 9.3";
			developmentRegion = en;
			hasScannedForEncodings = 0;
			knownRegions = (
				en,
				Base,
			);
			mainGroup = 04DDF69A260FD8DB008F965F;
			productRefGroup = 04DDF6A4260FD8DB008F965F /* Products */;
			projectDirPath = "";
			projectRoot = "";
			targets = (
				04DDF6A2260FD8DB008F965F /* CookingRecipe2 */,
			);
		};
/* End PBXProject section */

/* Begin PBXResourcesBuildPhase section */
		04DDF6A1260FD8DB008F965F /* Resources */ = {
			isa = PBXResourcesBuildPhase;
			buildActionMask = 2147483647;
			files = (
				04DDF6B3260FD8DF008F965F /* LaunchScreen.storyboard in Resources */,
				04DDF6B0260FD8DF008F965F /* Assets.xcassets in Resources */,
				04DDF6AE260FD8DB008F965F /* Main.storyboard in Resources */,
			);
			runOnlyForDeploymentPostprocessing = 0;
		};
/* End PBXResourcesBuildPhase section */

/* Begin PBXSourcesBuildPhase section */
		04DDF69F260FD8DB008F965F /* Sources */ = {
			isa = PBXSourcesBuildPhase;
			buildActionMask = 2147483647;
			files = (
				04DDF6AB260FD8DB008F965F /* ViewController.swift in Sources */,
				04DDF6A7260FD8DB008F965F /* AppDelegate.swift in Sources */,
				04DDF6A9260FD8DB008F965F /* SceneDelegate.swift in Sources */,
			);
			runOnlyForDeploymentPostprocessing = 0;
		};
/* End PBXSourcesBuildPhase section */

/* Begin PBXVariantGroup section */
		04DDF6AC260FD8DB008F965F /* Main.storyboard */ = {
			isa = PBXVariantGroup;
			children = (
				04DDF6AD260FD8DB008F965F /* Base */,
			);
			name = Main.storyboard;
			sourceTree = "<group>";
		};
		04DDF6B1260FD8DF008F965F /* LaunchScreen.storyboard */ = {
			isa = PBXVariantGroup;
			children = (
				04DDF6B2260FD8DF008F965F /* Base */,
			);
			name = LaunchScreen.storyboard;
			sourceTree = "<group>";
		};
/* End PBXVariantGroup section */

/* Begin XCBuildConfiguration section */
		04DDF6B5260FD8DF008F965F /* Debug */ = {
			isa = XCBuildConfiguration;
			buildSettings = {
				ALWAYS_SEARCH_USER_PATHS = NO;
				CLANG_ANALYZER_NONNULL = YES;
				CLANG_ANALYZER_NUMBER_OBJECT_CONVERSION = YES_AGGRESSIVE;
				CLANG_CXX_LANGUAGE_STANDARD = "gnu++14";
				CLANG_CXX_LIBRARY = "libc++";
				CLANG_ENABLE_MODULES = YES;
				CLANG_ENABLE_OBJC_ARC = YES;
				CLANG_ENABLE_OBJC_WEAK = YES;
				CLANG_WARN_BLOCK_CAPTURE_AUTORELEASING = YES;
				CLANG_WARN_BOOL_CONVERSION = YES;
				CLANG_WARN_COMMA = YES;
				CLANG_WARN_CONSTANT_CONVERSION = YES;
				CLANG_WARN_DEPRECATED_OBJC_IMPLEMENTATIONS = YES;
				CLANG_WARN_DIRECT_OBJC_ISA_USAGE = YES_ERROR;
				CLANG_WARN_DOCUMENTATION_COMMENTS = YES;
				CLANG_WARN_EMPTY_BODY = YES;
				CLANG_WARN_ENUM_CONVERSION = YES;
				CLANG_WARN_INFINITE_RECURSION = YES;
				CLANG_WARN_INT_CONVERSION = YES;
				CLANG_WARN_NON_LITERAL_NULL_CONVERSION = YES;
				CLANG_WARN_OBJC_IMPLICIT_RETAIN_SELF = YES;
				CLANG_WARN_OBJC_LITERAL_CONVERSION = YES;
				CLANG_WARN_OBJC_ROOT_CLASS = YES_ERROR;
				CLANG_WARN_QUOTED_INCLUDE_IN_FRAMEWORK_HEADER = YES;
				CLANG_WARN_RANGE_LOOP_ANALYSIS = YES;
				CLANG_WARN_STRICT_PROTOTYPES = YES;
				CLANG_WARN_SUSPICIOUS_MOVE = YES;
				CLANG_WARN_UNGUARDED_AVAILABILITY = YES_AGGRESSIVE;
				CLANG_WARN_UNREACHABLE_CODE = YES;
				CLANG_WARN__DUPLICATE_METHOD_MATCH = YES;
				COPY_PHASE_STRIP = NO;
				DEBUG_INFORMATION_FORMAT = dwarf;
				ENABLE_STRICT_OBJC_MSGSEND = YES;
				ENABLE_TESTABILITY = YES;
				GCC_C_LANGUAGE_STANDARD = gnu11;
				GCC_DYNAMIC_NO_PIC = NO;
				GCC_NO_COMMON_BLOCKS = YES;
				GCC_OPTIMIZATION_LEVEL = 0;
				GCC_PREPROCESSOR_DEFINITIONS = (
					"DEBUG=1",
					"$(inherited)",
				);
				GCC_WARN_64_TO_32_BIT_CONVERSION = YES;
				GCC_WARN_ABOUT_RETURN_TYPE = YES_ERROR;
				GCC_WARN_UNDECLARED_SELECTOR = YES;
				GCC_WARN_UNINITIALIZED_AUTOS = YES_AGGRESSIVE;
				GCC_WARN_UNUSED_FUNCTION = YES;
				GCC_WARN_UNUSED_VARIABLE = YES;
				IPHONEOS_DEPLOYMENT_TARGET = 14.4;
				MTL_ENABLE_DEBUG_INFO = INCLUDE_SOURCE;
				MTL_FAST_MATH = YES;
				ONLY_ACTIVE_ARCH = YES;
				SDKROOT = iphoneos;
				SWIFT_ACTIVE_COMPILATION_CONDITIONS = DEBUG;
				SWIFT_OPTIMIZATION_LEVEL = "-Onone";
			};
			name = Debug;
		};
		04DDF6B6260FD8DF008F965F /* Release */ = {
			isa = XCBuildConfiguration;
			buildSettings = {
				ALWAYS_SEARCH_USER_PATHS = NO;
				CLANG_ANALYZER_NONNULL = YES;
				CLANG_ANALYZER_NUMBER_OBJECT_CONVERSION = YES_AGGRESSIVE;
				CLANG_CXX_LANGUAGE_STANDARD = "gnu++14";
				CLANG_CXX_LIBRARY = "libc++";
				CLANG_ENABLE_MODULES = YES;
				CLANG_ENABLE_OBJC_ARC = YES;
				CLANG_ENABLE_OBJC_WEAK = YES;
				CLANG_WARN_BLOCK_CAPTURE_AUTORELEASING = YES;
				CLANG_WARN_BOOL_CONVERSION = YES;
				CLANG_WARN_COMMA = YES;
				CLANG_WARN_CONSTANT_CONVERSION = YES;
				CLANG_WARN_DEPRECATED_OBJC_IMPLEMENTATIONS = YES;
				CLANG_WARN_DIRECT_OBJC_ISA_USAGE = YES_ERROR;
				CLANG_WARN_DOCUMENTATION_COMMENTS = YES;
				CLANG_WARN_EMPTY_BODY = YES;
				CLANG_WARN_ENUM_CONVERSION = YES;
				CLANG_WARN_INFINITE_RECURSION = YES;
				CLANG_WARN_INT_CONVERSION = YES;
				CLANG_WARN_NON_LITERAL_NULL_CONVERSION = YES;
				CLANG_WARN_OBJC_IMPLICIT_RETAIN_SELF = YES;
				CLANG_WARN_OBJC_LITERAL_CONVERSION = YES;
				CLANG_WARN_OBJC_ROOT_CLASS = YES_ERROR;
				CLANG_WARN_QUOTED_INCLUDE_IN_FRAMEWORK_HEADER = YES;
				CLANG_WARN_RANGE_LOOP_ANALYSIS = YES;
				CLANG_WARN_STRICT_PROTOTYPES = YES;
				CLANG_WARN_SUSPICIOUS_MOVE = YES;
				CLANG_WARN_UNGUARDED_AVAILABILITY = YES_AGGRESSIVE;
				CLANG_WARN_UNREACHABLE_CODE = YES;
				CLANG_WARN__DUPLICATE_METHOD_MATCH = YES;
				COPY_PHASE_STRIP = NO;
				DEBUG_INFORMATION_FORMAT = "dwarf-with-dsym";
				ENABLE_NS_ASSERTIONS = NO;
				ENABLE_STRICT_OBJC_MSGSEND = YES;
				GCC_C_LANGUAGE_STANDARD = gnu11;
				GCC_NO_COMMON_BLOCKS = YES;
				GCC_WARN_64_TO_32_BIT_CONVERSION = YES;
				GCC_WARN_ABOUT_RETURN_TYPE = YES_ERROR;
				GCC_WARN_UNDECLARED_SELECTOR = YES;
				GCC_WARN_UNINITIALIZED_AUTOS = YES_AGGRESSIVE;
				GCC_WARN_UNUSED_FUNCTION = YES;
				GCC_WARN_UNUSED_VARIABLE = YES;
				IPHONEOS_DEPLOYMENT_TARGET = 14.4;
				MTL_ENABLE_DEBUG_INFO = NO;
				MTL_FAST_MATH = YES;
				SDKROOT = iphoneos;
				SWIFT_COMPILATION_MODE = wholemodule;
				SWIFT_OPTIMIZATION_LEVEL = "-O";
				VALIDATE_PRODUCT = YES;
			};
			name = Release;
		};
		04DDF6B8260FD8DF008F965F /* Debug */ = {
			isa = XCBuildConfiguration;
			buildSettings = {
				ASSETCATALOG_COMPILER_APPICON_NAME = AppIcon;
				ASSETCATALOG_COMPILER_GLOBAL_ACCENT_COLOR_NAME = AccentColor;
				CODE_SIGN_STYLE = Automatic;
				INFOPLIST_FILE = CookingRecipe2/Info.plist;
				LD_RUNPATH_SEARCH_PATHS = (
					"$(inherited)",
					"@executable_path/Frameworks",
				);
				PRODUCT_BUNDLE_IDENTIFIER = com.uenodemy.CookingRecipe2;
				PRODUCT_NAME = "$(TARGET_NAME)";
				SWIFT_VERSION = 5.0;
				TARGETED_DEVICE_FAMILY = "1,2";
			};
			name = Debug;
		};
		04DDF6B9260FD8DF008F965F /* Release */ = {
			isa = XCBuildConfiguration;
			buildSettings = {
				ASSETCATALOG_COMPILER_APPICON_NAME = AppIcon;
				ASSETCATALOG_COMPILER_GLOBAL_ACCENT_COLOR_NAME = AccentColor;
				CODE_SIGN_STYLE = Automatic;
				INFOPLIST_FILE = CookingRecipe2/Info.plist;
				LD_RUNPATH_SEARCH_PATHS = (
					"$(inherited)",
					"@executable_path/Frameworks",
				);
				PRODUCT_BUNDLE_IDENTIFIER = com.uenodemy.CookingRecipe2;
				PRODUCT_NAME = "$(TARGET_NAME)";
				SWIFT_VERSION = 5.0;
				TARGETED_DEVICE_FAMILY = "1,2";
			};
			name = Release;
		};
/* End XCBuildConfiguration section */

/* Begin XCConfigurationList section */
		04DDF69E260FD8DB008F965F /* Build configuration list for PBXProject "CookingRecipe2" */ = {
			isa = XCConfigurationList;
			buildConfigurations = (
				04DDF6B5260FD8DF008F965F /* Debug */,
				04DDF6B6260FD8DF008F965F /* Release */,
			);
			defaultConfigurationIsVisible = 0;
			defaultConfigurationName = Release;
		};
		04DDF6B7260FD8DF008F965F /* Build configuration list for PBXNativeTarget "CookingRecipe2" */ = {
			isa = XCConfigurationList;
			buildConfigurations = (
				04DDF6B8260FD8DF008F965F /* Debug */,
				04DDF6B9260FD8DF008F965F /* Release */,
			);
			defaultConfigurationIsVisible = 0;
			defaultConfigurationName = Release;
		};
/* End XCConfigurationList section */
	};
	rootObject = 04DDF69B260FD8DB008F965F /* Project object */;
}
